
Microsoft Visual Studio Solution File, Format Version 12.00
# Visual Studio Version 16
VisualStudioVersion = 16.0.31105.61
MinimumVisualStudioVersion = 10.0.40219.1
Project("{FAE04EC0-301F-11D3-BF4B-00C04F79EFBC}") = "WebApp", "WebApp\WebApp.csproj", "{9B0BCFFF-0A13-40F8-8DC2-961D5858E0E3}"
EndProject
Global
	GlobalSection(SolutionConfigurationPlatforms) = preSolution
		Debug|Any CPU = Debug|Any CPU
		Release|Any CPU = Release|Any CPU
	EndGlobalSection
	GlobalSection(ProjectConfigurationPlatforms) = postSolution
		{9B0BCFFF-0A13-40F8-8DC2-961D5858E0E3}.Debug|Any CPU.ActiveCfg = Debug|Any CPU
		{9B0BCFFF-0A13-40F8-8DC2-961D5858E0E3}.Debug|Any CPU.Build.0 = Debug|Any CPU
		{9B0BCFFF-0A13-40F8-8DC2-961D5858E0E3}.Release|Any CPU.ActiveCfg = Release|Any CPU
		{9B0BCFFF-0A13-40F8-8DC2-961D5858E0E3}.Release|Any CPU.Build.0 = Release|Any CPU
	EndGlobalSection
	GlobalSection(SolutionProperties) = preSolution
		HideSolutionNode = FALSE
	EndGlobalSection
	GlobalSection(ExtensibilityGlobals) = postSolution
		SolutionGuid = {8A200D78-698C-43E6-A15D-A5CC30D8AC0F}
	EndGlobalSection
EndGlobal
